# This file is automatically @generated by Cargo.
# It is not intended for manual editing.
version = 3

[[package]]
name = "arc-lightning"
version = "0.1.0"

[[package]]
name = "lightning-bolt"
version = "0.1.0"

[[package]]
name = "nimbus"
version = "0.1.0"

[[package]]
name = "thundergods-wrath"
version = "0.1.0"
